
Microsoft Visual Studio Solution File, Format Version 12.00
# Visual Studio Version 17
VisualStudioVersion = 17.9.34728.123
MinimumVisualStudioVersion = 10.0.40219.1
Project("{FAE04EC0-301F-11D3-BF4B-00C04F79EFBC}") = "Accuonting.App", "Accuonting.App\Accuonting.App.csproj", "{3F12C690-9279-4C74-BDA2-B4A3C24F3114}"
EndProject
Project("{FAE04EC0-301F-11D3-BF4B-00C04F79EFBC}") = "Accounting.DataLayer", "Accounting.DataLayer\Accounting.DataLayer.csproj", "{A3CD6B93-400D-4171-BEC4-DE4841C24405}"
EndProject
Project("{FAE04EC0-301F-11D3-BF4B-00C04F79EFBC}") = "Accounting.Busines", "Accounting.Busines\Accounting.Busines.csproj", "{C8B47B91-A8CE-4442-92EE-05F412C2EBB5}"
EndProject
Project("{FAE04EC0-301F-11D3-BF4B-00C04F79EFBC}") = "Accounting.ViewModel", "Accounting.ViewModel\Accounting.ViewModel.csproj", "{F2EF0EEA-FCC8-43AB-90DE-9696BCE7CB1F}"
EndProject
Project("{FAE04EC0-301F-11D3-BF4B-00C04F79EFBC}") = "Accounying.Utilites", "Accounying.Utilites\Accounying.Utilites.csproj", "{FB538C55-D286-4868-9127-27C7F456856B}"
EndProject
Global
	GlobalSection(SolutionConfigurationPlatforms) = preSolution
		Debug|Any CPU = Debug|Any CPU
		Release|Any CPU = Release|Any CPU
	EndGlobalSection
	GlobalSection(ProjectConfigurationPlatforms) = postSolution
		{3F12C690-9279-4C74-BDA2-B4A3C24F3114}.Debug|Any CPU.ActiveCfg = Debug|Any CPU
		{3F12C690-9279-4C74-BDA2-B4A3C24F3114}.Debug|Any CPU.Build.0 = Debug|Any CPU
		{3F12C690-9279-4C74-BDA2-B4A3C24F3114}.Release|Any CPU.ActiveCfg = Release|Any CPU
		{3F12C690-9279-4C74-BDA2-B4A3C24F3114}.Release|Any CPU.Build.0 = Release|Any CPU
		{A3CD6B93-400D-4171-BEC4-DE4841C24405}.Debug|Any CPU.ActiveCfg = Debug|Any CPU
		{A3CD6B93-400D-4171-BEC4-DE4841C24405}.Debug|Any CPU.Build.0 = Debug|Any CPU
		{A3CD6B93-400D-4171-BEC4-DE4841C24405}.Release|Any CPU.ActiveCfg = Release|Any CPU
		{A3CD6B93-400D-4171-BEC4-DE4841C24405}.Release|Any CPU.Build.0 = Release|Any CPU
		{C8B47B91-A8CE-4442-92EE-05F412C2EBB5}.Debug|Any CPU.ActiveCfg = Debug|Any CPU
		{C8B47B91-A8CE-4442-92EE-05F412C2EBB5}.Debug|Any CPU.Build.0 = Debug|Any CPU
		{C8B47B91-A8CE-4442-92EE-05F412C2EBB5}.Release|Any CPU.ActiveCfg = Release|Any CPU
		{C8B47B91-A8CE-4442-92EE-05F412C2EBB5}.Release|Any CPU.Build.0 = Release|Any CPU
		{F2EF0EEA-FCC8-43AB-90DE-9696BCE7CB1F}.Debug|Any CPU.ActiveCfg = Debug|Any CPU
		{F2EF0EEA-FCC8-43AB-90DE-9696BCE7CB1F}.Debug|Any CPU.Build.0 = Debug|Any CPU
		{F2EF0EEA-FCC8-43AB-90DE-9696BCE7CB1F}.Release|Any CPU.ActiveCfg = Release|Any CPU
		{F2EF0EEA-FCC8-43AB-90DE-9696BCE7CB1F}.Release|Any CPU.Build.0 = Release|Any CPU
		{FB538C55-D286-4868-9127-27C7F456856B}.Debug|Any CPU.ActiveCfg = Debug|Any CPU
		{FB538C55-D286-4868-9127-27C7F456856B}.Debug|Any CPU.Build.0 = Debug|Any CPU
		{FB538C55-D286-4868-9127-27C7F456856B}.Release|Any CPU.ActiveCfg = Release|Any CPU
		{FB538C55-D286-4868-9127-27C7F456856B}.Release|Any CPU.Build.0 = Release|Any CPU
	EndGlobalSection
	GlobalSection(SolutionProperties) = preSolution
		HideSolutionNode = FALSE
	EndGlobalSection
	GlobalSection(ExtensibilityGlobals) = postSolution
		SolutionGuid = {2ED17492-8664-4849-BB9C-70AA623F0460}
	EndGlobalSection
EndGlobal
